<?xml version="1.0" encoding="utf-8"?>
<Project ToolsVersion="4.0" xmlns="http://schemas.microsoft.com/developer/msbuild/2003">
  <ItemGroup>
    <ClCompile Include="Application\Application.cpp" />
    <ClCompile Include="Application\Fenetre\Fenetre.cpp" />
    <ClCompile Include="Application\Souris\Souris.cpp" />
    <ClCompile Include="Application\Utilitaire.cpp" />
    <ClCompile Include="Lib\IMGUI\IMGUI\imgui.cpp" />
    <ClCompile Include="Lib\IMGUI\IMGUI\imgui_demo.cpp" />
    <ClCompile Include="Lib\IMGUI\IMGUI\imgui_draw.cpp" />
    <ClCompile Include="Lib\IMGUI\IMGUI\imgui_impl_glfw.cpp" />
    <ClCompile Include="Lib\IMGUI\IMGUI\imgui_impl_opengl3.cpp" />
    <ClCompile Include="Lib\IMGUI\IMGUI\imgui_tables.cpp" />
    <ClCompile Include="Lib\IMGUI\IMGUI\imgui_widgets.cpp" />
    <ClCompile Include="Lib\STBImage\stb_image.cpp" />
    <ClCompile Include="main.cpp" />
    <ClCompile Include="Moteur Graphique\Camera\Camera.cpp" />
    <ClCompile Include="Moteur Graphique\Cubemap\Cubemap.cpp" />
    <ClCompile Include="Moteur Graphique\Framebuffer\Framebuffer.cpp" />
    <ClCompile Include="Moteur Graphique\Indexbuffer\Indexbuffer.cpp" />
    <ClCompile Include="Moteur Graphique\Model\DecoderFichier.cpp" />
    <ClCompile Include="Moteur Graphique\MoteurGx\Mesh.cpp" />
    <ClCompile Include="Moteur Graphique\MoteurGx\MoteurGX.cpp" />
    <ClCompile Include="Moteur Graphique\Shader\Shader.cpp" />
    <ClCompile Include="Moteur Graphique\Texture\Texture.cpp" />
    <ClCompile Include="Moteur Graphique\Vertexarray\Vertexarray.cpp" />
    <ClCompile Include="Moteur Graphique\Vertexbuffer\Vertexbuffer.cpp" />
    <ClCompile Include="MoteurPhysique\Espace\Espace.cpp" />
    <ClCompile Include="MoteurPhysique\MoteurPhysique\MoteurPhysique.cpp" />
  </ItemGroup>
  <ItemGroup>
    <ClInclude Include="Application\Application.h" />
    <ClInclude Include="Application\Fenetre\Fenetre.h" />
    <ClInclude Include="Application\Souris\Souris.h" />
    <ClInclude Include="Application\Utilitaire.h" />
    <ClInclude Include="Lib\STBImage\stb_image.h" />
    <ClInclude Include="Moteur Graphique\Camera\Camera.h" />
    <ClInclude Include="Moteur Graphique\Graphique.h" />
    <ClInclude Include="Moteur Graphique\Cubemap\Cubemap.h" />
    <ClInclude Include="Moteur Graphique\Framebuffer\Framebuffer.h" />
    <ClInclude Include="Moteur Graphique\Indexbuffer\Indexbuffer.h" />
    <ClInclude Include="Moteur Graphique\Model\DecoderFichier.h" />
    <ClInclude Include="Moteur Graphique\Model\Model.h" />
    <ClInclude Include="Moteur Graphique\MoteurGx\Mesh.h" />
    <ClInclude Include="Moteur Graphique\MoteurGx\MoteurGX.h" />
    <ClInclude Include="Moteur Graphique\MoteurGx\ListeIndexUnique.h" />
    <ClInclude Include="Moteur Graphique\MoteurGx\MoteurGXDef.h" />
    <ClInclude Include="Moteur Graphique\Shader\Shader.h" />
    <ClInclude Include="Moteur Graphique\Texture\Texture.h" />
    <ClInclude Include="Moteur Graphique\Vertexarray\Vertexarray.h" />
    <ClInclude Include="Moteur Graphique\Vertexbuffer\Vertexbuffer.h" />
    <ClInclude Include="MoteurPhysique\Espace\Espace.h" />
    <ClInclude Include="MoteurPhysique\MoteurPhysique\MoteurPhysique.h" />
  </ItemGroup>
  <ItemGroup>
    <None Include="Shaders\PrefiltrageZ\fragment.glsl" />
    <None Include="Shaders\PrefiltrageZ\vertex.glsl" />
    <None Include="Shaders\Simple\fragmentPlan.glsl" />
    <None Include="Shaders\Skybox\fragment.glsl" />
    <None Include="Shaders\Simple\geometrie.glsl" />
    <None Include="Moteur Graphique\Deferred rendering\Composer fragment.glsl" />
    <None Include="Moteur Graphique\Deferred rendering\Composer vertex.glsl" />
    <None Include="Moteur Graphique\Deferred rendering\Deferred fragment.glsl" />
    <None Include="Moteur Graphique\Deferred rendering\Deferred geometry.glsl" />
    <None Include="Moteur Graphique\Deferred rendering\Deferred vertex.glsl" />
    <None Include="Moteur Graphique\Deferred rendering\Skybox fragment.glsl" />
    <None Include="Moteur Graphique\Deferred rendering\Skybox vertex.glsl" />
    <None Include="Shaders\Calcul onde\Calcul gradient onde.glsl" />
    <None Include="Shaders\Calcul onde\Calcul gradient2 onde.glsl" />
    <None Include="Shaders\Calcul onde\Calcul onde.glsl" />
    <None Include="Shaders\Simple\fragment.glsl" />
    <None Include="Shaders\Simple\vertex.glsl" />
    <None Include="Shaders\Skybox\vertex.glsl" />
    <None Include="Shaders\Tesselation surface\Surface fragment.glsl" />
    <None Include="Shaders\Tesselation surface\Surface geometrie.glsl" />
    <None Include="Shaders\Tesselation surface\Surface tessControle.glsl" />
    <None Include="Shaders\Tesselation surface\Surface tessEval.glsl" />
    <None Include="Shader\ChampMagnetique.glsl" />
    <None Include="Shader\DessinerVecteurChamp.glsl" />
    <None Include="Shader\Coordonnees.glsl" />
    <None Include="Shader\Fragment.glsl" />
    <None Include="Shader\Geometry.glsl" />
    <None Include="Shader\Vertex.glsl" />
  </ItemGroup>
  <ItemGroup>
    <Object Include="Mesh\Cube.obj" />
  </ItemGroup>
</Project>